
Microsoft Visual Studio Solution File, Format Version 12.00
# Visual Studio 15
VisualStudioVersion = 15.0.27130.2010
MinimumVisualStudioVersion = 10.0.40219.1
Project("{FAE04EC0-301F-11D3-BF4B-00C04F79EFBC}") = "LearnMvc", "LearnMvc\LearnMvc.csproj", "{C2F5A772-B92E-44EC-8C9F-5D05583B7CCB}"
EndProject
Global
	GlobalSection(SolutionConfigurationPlatforms) = preSolution
		Debug|Any CPU = Debug|Any CPU
		Release|Any CPU = Release|Any CPU
	EndGlobalSection
	GlobalSection(ProjectConfigurationPlatforms) = postSolution
		{C2F5A772-B92E-44EC-8C9F-5D05583B7CCB}.Debug|Any CPU.ActiveCfg = Debug|Any CPU
		{C2F5A772-B92E-44EC-8C9F-5D05583B7CCB}.Debug|Any CPU.Build.0 = Debug|Any CPU
		{C2F5A772-B92E-44EC-8C9F-5D05583B7CCB}.Release|Any CPU.ActiveCfg = Release|Any CPU
		{C2F5A772-B92E-44EC-8C9F-5D05583B7CCB}.Release|Any CPU.Build.0 = Release|Any CPU
	EndGlobalSection
	GlobalSection(SolutionProperties) = preSolution
		HideSolutionNode = FALSE
	EndGlobalSection
	GlobalSection(ExtensibilityGlobals) = postSolution
		SolutionGuid = {551107FC-128B-402E-9F15-C809EA9C256D}
	EndGlobalSection
EndGlobal
